
Microsoft Visual Studio Solution File, Format Version 12.00
# Visual Studio Version 17
VisualStudioVersion = 17.9.34728.123
MinimumVisualStudioVersion = 10.0.40219.1
Project("{9A19103F-16F7-4668-BE54-9A1E7A4F7556}") = "API", "Src\Endpoint\API\API.csproj", "{7E00D0CC-3B37-4126-A582-F76B0B378EAD}"
EndProject
Project("{2150E333-8FDC-42A3-9474-1A3956D46DE8}") = "SolutionItems", "SolutionItems", "{71808386-798F-465B-BDB9-E60B9262F643}"
EndProject
Project("{2150E333-8FDC-42A3-9474-1A3956D46DE8}") = "Src", "Src", "{90D5DDFB-5190-4F33-99DD-C9E5CF4677E7}"
EndProject
Project("{2150E333-8FDC-42A3-9474-1A3956D46DE8}") = "Endpoint", "Endpoint", "{C6426B5B-3E88-47EB-97FC-607C9F4175E9}"
EndProject
Project("{2150E333-8FDC-42A3-9474-1A3956D46DE8}") = "Core", "Core", "{10F0269A-A30B-4B86-B9A5-3832DCE40761}"
EndProject
Project("{2150E333-8FDC-42A3-9474-1A3956D46DE8}") = "Infrastructure", "Infrastructure", "{279A29AE-BB94-492E-A415-7C3DCBAD54B2}"
EndProject
Project("{2150E333-8FDC-42A3-9474-1A3956D46DE8}") = "Test", "Test", "{4394EFBC-0AD5-4C92-BF95-EA7557DA328B}"
EndProject
Project("{9A19103F-16F7-4668-BE54-9A1E7A4F7556}") = "Application", "Src\Core\Application\Application.csproj", "{1E57FF38-E312-4A88-9583-C7309634997C}"
EndProject
Project("{9A19103F-16F7-4668-BE54-9A1E7A4F7556}") = "Domain", "Src\Core\Domain\Domain.csproj", "{88FD7E2B-6106-4443-B521-8460EA5A175A}"
EndProject
Project("{9A19103F-16F7-4668-BE54-9A1E7A4F7556}") = "Services", "Src\Infrastructure\Services\Services.csproj", "{4AE3377A-9F4D-42B3-AA12-A4F62F97DD6A}"
EndProject
Project("{9A19103F-16F7-4668-BE54-9A1E7A4F7556}") = "Repository", "Src\Infrastructure\Repository\Repository\Repository.csproj", "{A7196ACB-3BD3-485D-9D87-C357EDB8BD6A}"
EndProject
Project("{9A19103F-16F7-4668-BE54-9A1E7A4F7556}") = "X Unit test", "Src\Test\X Unit test\X Unit test.csproj", "{143DCA5D-F5CA-4674-ACF1-7A622D0D7112}"
EndProject
Project("{FAE04EC0-301F-11D3-BF4B-00C04F79EFBC}") = "efdb", "Src\Infrastructure\efdb\efdb.csproj", "{4649AF7C-4D69-4EEB-9110-BC004642EC83}"
EndProject
Global
	GlobalSection(SolutionConfigurationPlatforms) = preSolution
		Debug|Any CPU = Debug|Any CPU
		Release|Any CPU = Release|Any CPU
	EndGlobalSection
	GlobalSection(ProjectConfigurationPlatforms) = postSolution
		{7E00D0CC-3B37-4126-A582-F76B0B378EAD}.Debug|Any CPU.ActiveCfg = Debug|Any CPU
		{7E00D0CC-3B37-4126-A582-F76B0B378EAD}.Debug|Any CPU.Build.0 = Debug|Any CPU
		{7E00D0CC-3B37-4126-A582-F76B0B378EAD}.Release|Any CPU.ActiveCfg = Release|Any CPU
		{7E00D0CC-3B37-4126-A582-F76B0B378EAD}.Release|Any CPU.Build.0 = Release|Any CPU
		{1E57FF38-E312-4A88-9583-C7309634997C}.Debug|Any CPU.ActiveCfg = Debug|Any CPU
		{1E57FF38-E312-4A88-9583-C7309634997C}.Debug|Any CPU.Build.0 = Debug|Any CPU
		{1E57FF38-E312-4A88-9583-C7309634997C}.Release|Any CPU.ActiveCfg = Release|Any CPU
		{1E57FF38-E312-4A88-9583-C7309634997C}.Release|Any CPU.Build.0 = Release|Any CPU
		{88FD7E2B-6106-4443-B521-8460EA5A175A}.Debug|Any CPU.ActiveCfg = Debug|Any CPU
		{88FD7E2B-6106-4443-B521-8460EA5A175A}.Debug|Any CPU.Build.0 = Debug|Any CPU
		{88FD7E2B-6106-4443-B521-8460EA5A175A}.Release|Any CPU.ActiveCfg = Release|Any CPU
		{88FD7E2B-6106-4443-B521-8460EA5A175A}.Release|Any CPU.Build.0 = Release|Any CPU
		{4AE3377A-9F4D-42B3-AA12-A4F62F97DD6A}.Debug|Any CPU.ActiveCfg = Debug|Any CPU
		{4AE3377A-9F4D-42B3-AA12-A4F62F97DD6A}.Debug|Any CPU.Build.0 = Debug|Any CPU
		{4AE3377A-9F4D-42B3-AA12-A4F62F97DD6A}.Release|Any CPU.ActiveCfg = Release|Any CPU
		{4AE3377A-9F4D-42B3-AA12-A4F62F97DD6A}.Release|Any CPU.Build.0 = Release|Any CPU
		{A7196ACB-3BD3-485D-9D87-C357EDB8BD6A}.Debug|Any CPU.ActiveCfg = Debug|Any CPU
		{A7196ACB-3BD3-485D-9D87-C357EDB8BD6A}.Debug|Any CPU.Build.0 = Debug|Any CPU
		{A7196ACB-3BD3-485D-9D87-C357EDB8BD6A}.Release|Any CPU.ActiveCfg = Release|Any CPU
		{A7196ACB-3BD3-485D-9D87-C357EDB8BD6A}.Release|Any CPU.Build.0 = Release|Any CPU
		{143DCA5D-F5CA-4674-ACF1-7A622D0D7112}.Debug|Any CPU.ActiveCfg = Debug|Any CPU
		{143DCA5D-F5CA-4674-ACF1-7A622D0D7112}.Debug|Any CPU.Build.0 = Debug|Any CPU
		{143DCA5D-F5CA-4674-ACF1-7A622D0D7112}.Release|Any CPU.ActiveCfg = Release|Any CPU
		{143DCA5D-F5CA-4674-ACF1-7A622D0D7112}.Release|Any CPU.Build.0 = Release|Any CPU
		{4649AF7C-4D69-4EEB-9110-BC004642EC83}.Debug|Any CPU.ActiveCfg = Debug|Any CPU
		{4649AF7C-4D69-4EEB-9110-BC004642EC83}.Debug|Any CPU.Build.0 = Debug|Any CPU
		{4649AF7C-4D69-4EEB-9110-BC004642EC83}.Release|Any CPU.ActiveCfg = Release|Any CPU
		{4649AF7C-4D69-4EEB-9110-BC004642EC83}.Release|Any CPU.Build.0 = Release|Any CPU
	EndGlobalSection
	GlobalSection(SolutionProperties) = preSolution
		HideSolutionNode = FALSE
	EndGlobalSection
	GlobalSection(NestedProjects) = preSolution
		{7E00D0CC-3B37-4126-A582-F76B0B378EAD} = {C6426B5B-3E88-47EB-97FC-607C9F4175E9}
		{C6426B5B-3E88-47EB-97FC-607C9F4175E9} = {90D5DDFB-5190-4F33-99DD-C9E5CF4677E7}
		{10F0269A-A30B-4B86-B9A5-3832DCE40761} = {90D5DDFB-5190-4F33-99DD-C9E5CF4677E7}
		{279A29AE-BB94-492E-A415-7C3DCBAD54B2} = {90D5DDFB-5190-4F33-99DD-C9E5CF4677E7}
		{4394EFBC-0AD5-4C92-BF95-EA7557DA328B} = {90D5DDFB-5190-4F33-99DD-C9E5CF4677E7}
		{1E57FF38-E312-4A88-9583-C7309634997C} = {10F0269A-A30B-4B86-B9A5-3832DCE40761}
		{88FD7E2B-6106-4443-B521-8460EA5A175A} = {10F0269A-A30B-4B86-B9A5-3832DCE40761}
		{4AE3377A-9F4D-42B3-AA12-A4F62F97DD6A} = {279A29AE-BB94-492E-A415-7C3DCBAD54B2}
		{A7196ACB-3BD3-485D-9D87-C357EDB8BD6A} = {279A29AE-BB94-492E-A415-7C3DCBAD54B2}
		{143DCA5D-F5CA-4674-ACF1-7A622D0D7112} = {4394EFBC-0AD5-4C92-BF95-EA7557DA328B}
		{4649AF7C-4D69-4EEB-9110-BC004642EC83} = {279A29AE-BB94-492E-A415-7C3DCBAD54B2}
	EndGlobalSection
	GlobalSection(ExtensibilityGlobals) = postSolution
		SolutionGuid = {FB0CC77C-A37F-4FB8-A669-7EE224AE1D99}
	EndGlobalSection
EndGlobal
